# This file is automatically @generated by Cargo.
# It is not intended for manual editing.
version = 3

[[package]]
name = "keyoverlay-app"
version = "0.1.0"
dependencies = [
 "keyoverlay-core",
 "keyoverlay-input",
 "keyoverlay-overlay",
]

[[package]]
name = "keyoverlay-core"
version = "0.1.0"

[[package]]
name = "keyoverlay-input"
version = "0.1.0"
dependencies = [
 "keyoverlay-core",
]

[[package]]
name = "keyoverlay-overlay"
version = "0.1.0"
dependencies = [
 "keyoverlay-core",
]
